<?xml version="1.0" encoding="utf-8"?>
<Project ToolsVersion="4.0" xmlns="http://schemas.microsoft.com/developer/msbuild/2003">
  <ItemGroup>
    <ClCompile Include="include\external\freetypegl\platform.c" />
    <ClCompile Include="include\external\freetypegl\texture-atlas.c" />
    <ClCompile Include="include\external\freetypegl\texture-font.c" />
    <ClCompile Include="include\external\freetypegl\vector.c" />
    <ClCompile Include="src\Entity\AI\AI.cpp" />
    <ClCompile Include="src\Entity\Monster\BasicMonster.cpp" />
    <ClCompile Include="src\Entity\Skill\CureBlessingSkill.cpp" />
    <ClCompile Include="src\Entity\Cursor.cpp" />
    <ClCompile Include="src\Shaders\Classes\FontShader.cpp" />
    <ClCompile Include="src\Shaders\Classes\SkillShader.cpp" />
    <ClCompile Include="src\Entity\Skill\LinkSkill.cpp" />
    <ClCompile Include="src\Core\Game.cpp" />
    <ClCompile Include="src\Core\Input.cpp" />
    <ClCompile Include="src\Core\LinkedTime.cpp" />
    <ClCompile Include="src\Entity\AI\MonsterAI.cpp" />
    <ClCompile Include="src\Entity\AI\PlayerAI.cpp" />
    <ClCompile Include="src\Entity\Attack\MouseAttack.cpp" />
    <ClCompile Include="src\Entity\Attack\Projectile.cpp" />
    <ClCompile Include="src\Entity\Attack\RangeAttack.cpp" />
    <ClCompile Include="src\Entity\Entity.cpp" />
    <ClCompile Include="src\Entity\EntityMap.cpp" />
    <ClCompile Include="src\Entity\Equipment.cpp" />
    <ClCompile Include="src\Entity\Factory\EquipmentFactory.cpp" />
    <ClCompile Include="src\Entity\Factory\Factory.cpp" />
    <ClCompile Include="src\Entity\Factory\GameEntityFactory.cpp" />
    <ClCompile Include="src\Entity\Factory\ItemFactory.cpp" />
    <ClCompile Include="src\Entity\Factory\MonsterFactory.cpp" />
    <ClCompile Include="src\Entity\Factory\PlayerFactory.cpp" />
    <ClCompile Include="src\Entity\Factory\SkillFactory.cpp" />
    <ClCompile Include="src\Entity\GameEntity.cpp" />
    <ClCompile Include="src\Entity\Item.cpp" />
    <ClCompile Include="src\Entity\Mesh.cpp" />
    <ClCompile Include="src\Entity\Monster\Monster.cpp" />
    <ClCompile Include="src\Entity\Player.cpp" />
    <ClCompile Include="src\Entity\Primitive.cpp" />
    <ClCompile Include="src\Entity\Skill\HoshoyoExplosionSkill.cpp" />
    <ClCompile Include="src\Entity\Skill\Skill.cpp" />
    <ClCompile Include="src\Entity\Skill\SkillIcon.cpp" />
    <ClCompile Include="src\Entity\Transform.cpp" />
    <ClCompile Include="src\GUI\Chat.cpp" />
    <ClCompile Include="src\GUI\GUI.cpp" />
    <ClCompile Include="src\GUI\HPBar.cpp" />
    <ClCompile Include="src\GUI\TextRenderer.cpp" />
    <ClCompile Include="src\Main.cpp" />
    <ClCompile Include="src\Map\Grid.cpp" />
    <ClCompile Include="src\Map\Map.cpp" />
    <ClCompile Include="src\Map\MapEntity.cpp" />
    <ClCompile Include="src\Map\MapMonster.cpp" />
    <ClCompile Include="src\Map\MapTerrain.cpp" />
    <ClCompile Include="src\Network\ClientPacket.cpp" />
    <ClCompile Include="src\Network\Packet.cpp" />
    <ClCompile Include="src\Network\PacketController.cpp" />
    <ClCompile Include="src\Network\UDPClient.cpp" />
    <ClCompile Include="src\ResourceLoad\ImageLoader.cpp" />
    <ClCompile Include="src\ResourceLoad\IndexedModel.cpp" />
    <ClCompile Include="src\ResourceLoad\Texture.cpp" />
    <ClCompile Include="src\Shaders\Camera.cpp" />
    <ClCompile Include="src\Shaders\Classes\CommonShader.cpp" />
    <ClCompile Include="src\Shaders\Classes\WindowShader.cpp" />
    <ClCompile Include="src\Shaders\FrameBuffer.cpp" />
    <ClCompile Include="src\Shaders\Light.cpp" />
    <ClCompile Include="src\Shaders\Classes\MapShader.cpp" />
    <ClCompile Include="src\Shaders\Classes\PrimitiveShader.cpp" />
    <ClCompile Include="src\Shaders\Classes\Shader.cpp" />
    <ClCompile Include="src\Entity\Skill\SwapSkill.cpp" />
    <ClCompile Include="src\WindowApi\Button.cpp" />
    <ClCompile Include="src\WindowApi\FontRenderer.cpp" />
    <ClCompile Include="src\WindowApi\Label.cpp" />
    <ClCompile Include="src\WindowApi\Window.cpp" />
    <ClCompile Include="src\WindowApi\WindowDiv.cpp" />
    <ClCompile Include="src\Entity\Monster\TurretMonster.cpp" />
    <ClCompile Include="src\GUI\Menu.cpp" />
    <ClCompile Include="src\Core\Audio.cpp" />
    <ClCompile Include="src\Entity\Monster\DistanceMonster.cpp" />
    <ClCompile Include="src\native\ContextWindow.cpp" />
    <ClCompile Include="src\native\WindowInput.cpp" />
    <ClCompile Include="src\ResourceLoad\Configfiles.cpp" />
    <ClCompile Include="src\Entity\Monster\BomberMonster.cpp" />
    <ClCompile Include="src\Entity\Monster\Skill\MonsterExplosionSkill.cpp" />
    <ClCompile Include="src\Entity\Monster\Skill\MonsterEndureSkill.cpp" />
    <ClCompile Include="src\Core\AudioController.cpp" />
  </ItemGroup>
  <ItemGroup>
    <ClInclude Include="include\Entity\AI\AI.h" />
    <ClInclude Include="include\Entity\Monster\BasicMonster.h" />
    <ClInclude Include="include\Common.h" />
    <ClInclude Include="include\Entity\Skill\CureBlessingSkill.h" />
    <ClInclude Include="include\Entity\Cursor.h" />
    <ClInclude Include="include\Core\Game.h" />
    <ClInclude Include="include\Core\Input.h" />
    <ClInclude Include="include\Core\LinkedTime.h" />
    <ClInclude Include="include\Entity\AI\MonsterAI.h" />
    <ClInclude Include="include\Entity\AI\PlayerAI.h" />
    <ClInclude Include="include\Entity\Attack\MouseAttack.h" />
    <ClInclude Include="include\Entity\Attack\Projectile.h" />
    <ClInclude Include="include\Entity\Attack\RangeAttack.h" />
    <ClInclude Include="include\Entity\Creature.h" />
    <ClInclude Include="include\Entity\Entity.h" />
    <ClInclude Include="include\Entity\EntityMap.h" />
    <ClInclude Include="include\Entity\Equipment.h" />
    <ClInclude Include="include\Entity\Factory\EquipmentFactory.h" />
    <ClInclude Include="include\Entity\Factory\Factory.h" />
    <ClInclude Include="include\Entity\Factory\GameEntityFactory.h" />
    <ClInclude Include="include\Entity\Factory\ItemFactory.h" />
    <ClInclude Include="include\Entity\Factory\MonsterFactory.h" />
    <ClInclude Include="include\Entity\Factory\PlayerFactory.h" />
    <ClInclude Include="include\Entity\Factory\SkillFactory.h" />
    <ClInclude Include="include\Entity\GameEntity.h" />
    <ClInclude Include="include\Entity\Item.h" />
    <ClInclude Include="include\Entity\Mesh.h" />
    <ClInclude Include="include\Entity\Monster\Monster.h" />
    <ClInclude Include="include\Entity\Player.h" />
    <ClInclude Include="include\Entity\Primitive.h" />
    <ClInclude Include="include\Entity\Skill\HoshoyoExplosionSkill.h" />
    <ClInclude Include="include\Entity\Skill\Skill.h" />
    <ClInclude Include="include\Entity\Skill\SkillIcon.h" />
    <ClInclude Include="include\Entity\Transform.h" />
    <ClInclude Include="include\external\freetypegl\freetype-gl.h" />
    <ClInclude Include="include\external\freetypegl\opengl.h" />
    <ClInclude Include="include\external\freetypegl\platform.h" />
    <ClInclude Include="include\external\freetypegl\stb_image.h" />
    <ClInclude Include="include\external\freetypegl\texture-atlas.h" />
    <ClInclude Include="include\external\freetypegl\texture-font.h" />
    <ClInclude Include="include\external\freetypegl\vec234.h" />
    <ClInclude Include="include\external\freetypegl\vector.h" />
    <ClInclude Include="include\GUI\Chat.h" />
    <ClInclude Include="include\GUI\GUI.h" />
    <ClInclude Include="include\GUI\HPBar.h" />
    <ClInclude Include="include\GUI\TextRenderer.h" />
    <ClInclude Include="include\Map\Grid.h" />
    <ClInclude Include="include\Map\Map.h" />
    <ClInclude Include="include\Map\MapEntity.h" />
    <ClInclude Include="include\Map\MapMonster.h" />
    <ClInclude Include="include\Map\MapTerrain.h" />
    <ClInclude Include="include\Entity\Movement.h" />
    <ClInclude Include="include\Network\ClientPacket.h" />
    <ClInclude Include="include\Network\Packet.h" />
    <ClInclude Include="include\Network\PacketController.h" />
    <ClInclude Include="include\Network\UDPClient.h" />
    <ClInclude Include="include\ResourceLoad\ImageLoader.h" />
    <ClInclude Include="include\ResourceLoad\IndexedModel.h" />
    <ClInclude Include="include\ResourceLoad\Texture.h" />
    <ClInclude Include="include\Shaders\Camera.h" />
    <ClInclude Include="include\Shaders\Classes\CommonShader.h" />
    <ClInclude Include="include\Shaders\Classes\FontShader.h" />
    <ClInclude Include="include\Shaders\Classes\WindowShader.h" />
    <ClInclude Include="include\Shaders\FrameBuffer.h" />
    <ClInclude Include="include\Shaders\Light.h" />
    <ClInclude Include="include\Shaders\Classes\MapShader.h" />
    <ClInclude Include="include\Shaders\Classes\PrimitiveShader.h" />
    <ClInclude Include="include\Shaders\Classes\Shader.h" />
    <ClInclude Include="include\Entity\Skill\LinkSkill.h" />
    <ClInclude Include="include\Entity\Skill\SwapSkill.h" />
    <ClInclude Include="include\Shaders\Classes\SkillShader.h" />
    <ClInclude Include="include\WindowApi\Button.h" />
    <ClInclude Include="include\WindowApi\FontRenderer.h" />
    <ClInclude Include="include\WindowApi\Label.h" />
    <ClInclude Include="include\WindowApi\Window.h" />
    <ClInclude Include="include\WindowApi\WindowDiv.h" />
    <ClInclude Include="include\Entity\Monster\TurretMonster.h" />
    <ClInclude Include="include\GUI\Menu.h" />
    <ClInclude Include="resource.h" />
    <ClInclude Include="include\native\ContextWindow.h" />
    <ClInclude Include="include\native\WindowInput.h" />
    <ClInclude Include="include\Debug\Log.h" />
    <ClInclude Include="include\ResourceLoad\Configfiles.h" />
    <ClInclude Include="include\Entity\Monster\BomberMonster.h" />
    <ClInclude Include="include\Entity\Monster\Skill\MonsterExplosionSkill.h" />
    <ClInclude Include="include\Entity\Monster\Skill\MonsterEndureSkill.h" />
    <ClInclude Include="include\Core\LinkedDebug.h" />
    <ClInclude Include="include\Core\AudioController.h" />
  </ItemGroup>
  <ItemGroup>
    <Image Include="LinkedIcon.ico" />
  </ItemGroup>
  <ItemGroup>
    <ResourceCompile Include="LinkedClient.rc" />
    <ClInclude Include="include\Audio.h" />
    <ClInclude Include="include\AudioController.h" />
    <ClInclude Include="include\Core\Audio.h" />
    <ClInclude Include="include\Entity\Monster\DistanceMonster.h" />
  </ItemGroup>
  <ItemGroup>
    <None Include="config.linked" />
    <None Include="ClassDiagram.cd" />
    <None Include="ClassDiagram1.cd" />
  </ItemGroup>
</Project>