<?xml version="1.0" encoding="utf-8"?>
<Project ToolsVersion="4.0" xmlns="http://schemas.microsoft.com/developer/msbuild/2003">
  <ItemGroup>
    <Filter Include="Source Files">
      <UniqueIdentifier>{4FC737F1-C7A5-4376-A066-2A32D752A2FF}</UniqueIdentifier>
      <Extensions>cpp;c;cc;cxx;def;odl;idl;hpj;bat;asm;asmx</Extensions>
    </Filter>
    <Filter Include="Header Files">
      <UniqueIdentifier>{93995380-89BD-4b04-88EB-625FBE52EBFB}</UniqueIdentifier>
      <Extensions>h;hh;hpp;hxx;hm;inl;inc;xsd</Extensions>
    </Filter>
    <Filter Include="Resource Files">
      <UniqueIdentifier>{67DA6AB6-F800-4c08-8B7A-83BB121AAD01}</UniqueIdentifier>
      <Extensions>rc;ico;cur;bmp;dlg;rc2;rct;bin;rgs;gif;jpg;jpeg;jpe;resx;tiff;tif;png;wav;mfcribbon-ms</Extensions>
    </Filter>
    <Filter Include="Header Files\Shaders">
      <UniqueIdentifier>{ce9e53af-cfa7-4ddd-8863-0fd281f72b2d}</UniqueIdentifier>
    </Filter>
    <Filter Include="Source Files\Shaders">
      <UniqueIdentifier>{9b95e8ba-42fd-47f3-9afc-457db6e3c1d6}</UniqueIdentifier>
    </Filter>
    <Filter Include="Header Files\Entity">
      <UniqueIdentifier>{e857fcf4-5c45-4d5c-ad40-57df9debbd9f}</UniqueIdentifier>
    </Filter>
    <Filter Include="Source Files\Entity">
      <UniqueIdentifier>{78ecacb7-c836-42d1-b096-d9f650c1d1c0}</UniqueIdentifier>
    </Filter>
    <Filter Include="Header Files\ResourceLoad">
      <UniqueIdentifier>{a7671cdb-a9f9-4395-b772-d00db71a6d32}</UniqueIdentifier>
    </Filter>
    <Filter Include="Source Files\ResourceLoad">
      <UniqueIdentifier>{ad5ec3db-7740-4f21-8859-8a5b9acbbe4b}</UniqueIdentifier>
    </Filter>
    <Filter Include="Header Files\Core">
      <UniqueIdentifier>{27df60e1-de98-46eb-b508-1ba0fa0000aa}</UniqueIdentifier>
    </Filter>
    <Filter Include="Source Files\Core">
      <UniqueIdentifier>{a41d3831-78b3-4fa8-9ef8-6a391eec1ab5}</UniqueIdentifier>
    </Filter>
    <Filter Include="Source Files\Map">
      <UniqueIdentifier>{0b31f732-e5b9-41cb-aae9-5348f62b7ffe}</UniqueIdentifier>
    </Filter>
    <Filter Include="Header Files\Map">
      <UniqueIdentifier>{9ec4a7d1-7691-4fcb-8180-35e6e0e7da98}</UniqueIdentifier>
    </Filter>
    <Filter Include="Source Files\Game">
      <UniqueIdentifier>{db4786a0-fe91-467d-93f8-172d49f85b9d}</UniqueIdentifier>
    </Filter>
    <Filter Include="Source Files\Game\Models">
      <UniqueIdentifier>{31d86a2d-6949-4df2-adb3-eb44a744bfe6}</UniqueIdentifier>
    </Filter>
    <Filter Include="Source Files\Game\Factory">
      <UniqueIdentifier>{2263ed14-819c-4766-b387-9da3f2f2d345}</UniqueIdentifier>
    </Filter>
    <Filter Include="Header Files\Game">
      <UniqueIdentifier>{ef9d0d03-56d4-4829-ab01-58b359ac54ba}</UniqueIdentifier>
    </Filter>
    <Filter Include="Header Files\Game\Models">
      <UniqueIdentifier>{d96ae95e-4386-4e98-b74d-9a58b7be3056}</UniqueIdentifier>
    </Filter>
    <Filter Include="Header Files\Game\Factory">
      <UniqueIdentifier>{82e79d0c-b4c2-4a3d-826e-6fca417f0986}</UniqueIdentifier>
    </Filter>
    <Filter Include="Data Files">
      <UniqueIdentifier>{ae51580e-efb0-46f5-baab-2f47a5b43db3}</UniqueIdentifier>
    </Filter>
    <Filter Include="Data Files\Monsters">
      <UniqueIdentifier>{fe6130e6-cf92-4906-a0ae-dd1f912543b7}</UniqueIdentifier>
    </Filter>
    <Filter Include="Source Files\Game\AI">
      <UniqueIdentifier>{d7177c72-32e2-4ccc-89a1-63fccba7b440}</UniqueIdentifier>
    </Filter>
    <Filter Include="Header Files\Game\AI">
      <UniqueIdentifier>{c96c8673-9c21-45f8-abe6-ccf76152a956}</UniqueIdentifier>
    </Filter>
    <Filter Include="Data Files\GameEntities">
      <UniqueIdentifier>{da36f291-1a13-4552-9cdb-9a52beec859e}</UniqueIdentifier>
    </Filter>
    <Filter Include="Source Files\Game\Attack">
      <UniqueIdentifier>{52ff1fe0-663e-47b1-9389-e5a016f7e46c}</UniqueIdentifier>
    </Filter>
    <Filter Include="Header Files\Game\Attack">
      <UniqueIdentifier>{15a250aa-e164-42b4-aa45-00c9370fd540}</UniqueIdentifier>
    </Filter>
    <Filter Include="Header Files\GUI">
      <UniqueIdentifier>{a77e877e-d8bc-4264-9454-4aacc89c8274}</UniqueIdentifier>
    </Filter>
    <Filter Include="Source Files\GUI">
      <UniqueIdentifier>{4adfe57d-6d69-4cf4-b415-afb7f6885bd4}</UniqueIdentifier>
    </Filter>
    <Filter Include="Source Files\Game\Models\Skillls">
      <UniqueIdentifier>{c29f5dde-bba6-4080-a3bf-997cd6a36953}</UniqueIdentifier>
    </Filter>
    <Filter Include="Header Files\Game\Models\Skills">
      <UniqueIdentifier>{d56068ce-1f5b-4ba1-874a-4251313cbee6}</UniqueIdentifier>
    </Filter>
    <Filter Include="Header Files\Network">
      <UniqueIdentifier>{1f7f68d6-d60a-4205-a95d-dc39c8b5bae7}</UniqueIdentifier>
    </Filter>
    <Filter Include="Source Files\Network">
      <UniqueIdentifier>{19a579e9-15e5-4891-b651-ea8ac6a21630}</UniqueIdentifier>
    </Filter>
  </ItemGroup>
  <ItemGroup>
    <ClInclude Include="Shader.h">
      <Filter>Header Files\Shaders</Filter>
    </ClInclude>
    <ClInclude Include="PrimitiveShader.h">
      <Filter>Header Files\Shaders</Filter>
    </ClInclude>
    <ClInclude Include="Entity.h">
      <Filter>Header Files\Entity</Filter>
    </ClInclude>
    <ClInclude Include="IndexedModel.h">
      <Filter>Header Files\ResourceLoad</Filter>
    </ClInclude>
    <ClInclude Include="ImageLoader.h">
      <Filter>Header Files\ResourceLoad</Filter>
    </ClInclude>
    <ClInclude Include="Texture.h">
      <Filter>Header Files\ResourceLoad</Filter>
    </ClInclude>
    <ClInclude Include="Mesh.h">
      <Filter>Header Files\Entity</Filter>
    </ClInclude>
    <ClInclude Include="Primitive.h">
      <Filter>Header Files\Entity</Filter>
    </ClInclude>
    <ClInclude Include="Transform.h">
      <Filter>Header Files\Entity</Filter>
    </ClInclude>
    <ClInclude Include="Light.h">
      <Filter>Header Files\Shaders</Filter>
    </ClInclude>
    <ClInclude Include="Input.h">
      <Filter>Header Files\Core</Filter>
    </ClInclude>
    <ClInclude Include="Game.h">
      <Filter>Header Files\Core</Filter>
    </ClInclude>
    <ClInclude Include="Display.h">
      <Filter>Header Files\Core</Filter>
    </ClInclude>
    <ClInclude Include="Map.h">
      <Filter>Header Files\Map</Filter>
    </ClInclude>
    <ClInclude Include="Camera.h">
      <Filter>Header Files\Shaders</Filter>
    </ClInclude>
    <ClInclude Include="Equipment.h">
      <Filter>Header Files\Game\Models</Filter>
    </ClInclude>
    <ClInclude Include="Item.h">
      <Filter>Header Files\Game\Models</Filter>
    </ClInclude>
    <ClInclude Include="Player.h">
      <Filter>Header Files\Game\Models</Filter>
    </ClInclude>
    <ClInclude Include="ItemFactory.h">
      <Filter>Header Files\Game\Factory</Filter>
    </ClInclude>
    <ClInclude Include="PlayerFactory.h">
      <Filter>Header Files\Game\Factory</Filter>
    </ClInclude>
    <ClInclude Include="EquipmentFactory.h">
      <Filter>Header Files\Game\Factory</Filter>
    </ClInclude>
    <ClInclude Include="Skill.h">
      <Filter>Header Files\Game\Models</Filter>
    </ClInclude>
    <ClInclude Include="SkillFactory.h">
      <Filter>Header Files\Game\Factory</Filter>
    </ClInclude>
    <ClInclude Include="Grid.h">
      <Filter>Header Files\Map</Filter>
    </ClInclude>
    <ClInclude Include="Monster.h">
      <Filter>Header Files\Game\Models</Filter>
    </ClInclude>
    <ClInclude Include="MonsterFactory.h">
      <Filter>Header Files\Game\Factory</Filter>
    </ClInclude>
    <ClInclude Include="EntityMap.h">
      <Filter>Header Files\Entity</Filter>
    </ClInclude>
    <ClInclude Include="Time.h">
      <Filter>Header Files\Core</Filter>
    </ClInclude>
    <ClInclude Include="MapShader.h">
      <Filter>Header Files\Shaders</Filter>
    </ClInclude>
    <ClInclude Include="MapEntity.h">
      <Filter>Header Files\Map</Filter>
    </ClInclude>
    <ClInclude Include="MapMonster.h">
      <Filter>Header Files\Map</Filter>
    </ClInclude>
    <ClInclude Include="MapTerrain.h">
      <Filter>Header Files\Map</Filter>
    </ClInclude>
    <ClInclude Include="AI.h">
      <Filter>Header Files\Game\AI</Filter>
    </ClInclude>
    <ClInclude Include="MonsterAI.h">
      <Filter>Header Files\Game\AI</Filter>
    </ClInclude>
    <ClInclude Include="GameEntity.h">
      <Filter>Header Files\Game\Models</Filter>
    </ClInclude>
    <ClInclude Include="GameEntityFactory.h">
      <Filter>Header Files\Game\Factory</Filter>
    </ClInclude>
    <ClInclude Include="Factory.h">
      <Filter>Header Files\Game\Factory</Filter>
    </ClInclude>
    <ClInclude Include="MouseAttack.h">
      <Filter>Header Files\Game\Attack</Filter>
    </ClInclude>
    <ClInclude Include="Projectile.h">
      <Filter>Header Files\Game\Attack</Filter>
    </ClInclude>
    <ClInclude Include="RangeAttack.h">
      <Filter>Header Files\Game\Attack</Filter>
    </ClInclude>
    <ClInclude Include="Creature.h">
      <Filter>Header Files\Game\Models</Filter>
    </ClInclude>
    <ClInclude Include="GUIShader.h">
      <Filter>Header Files\Shaders</Filter>
    </ClInclude>
    <ClInclude Include="HPBar.h">
      <Filter>Header Files\GUI</Filter>
    </ClInclude>
    <ClInclude Include="GUI.h">
      <Filter>Header Files\GUI</Filter>
    </ClInclude>
    <ClInclude Include="Text.h">
      <Filter>Header Files\GUI</Filter>
    </ClInclude>
    <ClInclude Include="CommonShader.h">
      <Filter>Header Files\Shaders</Filter>
    </ClInclude>
    <ClInclude Include="Movement.h">
      <Filter>Header Files</Filter>
    </ClInclude>
    <ClInclude Include="ZurikiRageSkill.h">
      <Filter>Header Files\Game\Models\Skills</Filter>
    </ClInclude>
    <ClInclude Include="HoshoyoExplosionSkill.h">
      <Filter>Header Files\Game\Models\Skills</Filter>
    </ClInclude>
    <ClInclude Include="SkillIcon.h">
      <Filter>Header Files\Game\Models</Filter>
    </ClInclude>
    <ClInclude Include="network\UDPClient.h">
      <Filter>Header Files\Network</Filter>
    </ClInclude>
    <ClInclude Include="network\Packet.h">
      <Filter>Header Files\Network</Filter>
    </ClInclude>
    <ClInclude Include="network\ClientPacket.h">
      <Filter>Header Files\Network</Filter>
    </ClInclude>
    <ClInclude Include="PlayerAI.h">
      <Filter>Header Files\Game\AI</Filter>
    </ClInclude>
    <ClInclude Include="TextRenderer.h">
      <Filter>Header Files\GUI</Filter>
    </ClInclude>
    <ClInclude Include="Configuration.h">
      <Filter>Header Files</Filter>
    </ClInclude>
    <ClInclude Include="Chat.h">
      <Filter>Header Files\GUI</Filter>
    </ClInclude>
    <ClInclude Include="TextShader.h">
      <Filter>Header Files\Shaders</Filter>
    </ClInclude>
    <ClInclude Include="FrameShader.h">
      <Filter>Header Files\Shaders</Filter>
    </ClInclude>
    <ClInclude Include="PacketController.h">
      <Filter>Header Files\Network</Filter>
    </ClInclude>
    <ClInclude Include="FrameBuffer.h">
      <Filter>Header Files\Shaders</Filter>
    </ClInclude>
  </ItemGroup>
  <ItemGroup>
    <ClCompile Include="Main.cpp">
      <Filter>Source Files</Filter>
    </ClCompile>
    <ClCompile Include="Shader.cpp">
      <Filter>Source Files\Shaders</Filter>
    </ClCompile>
    <ClCompile Include="PrimitiveShader.cpp">
      <Filter>Source Files\Shaders</Filter>
    </ClCompile>
    <ClCompile Include="Entity.cpp">
      <Filter>Source Files\Entity</Filter>
    </ClCompile>
    <ClCompile Include="ImageLoader.cpp">
      <Filter>Source Files\ResourceLoad</Filter>
    </ClCompile>
    <ClCompile Include="IndexedModel.cpp">
      <Filter>Source Files\ResourceLoad</Filter>
    </ClCompile>
    <ClCompile Include="Texture.cpp">
      <Filter>Source Files\ResourceLoad</Filter>
    </ClCompile>
    <ClCompile Include="Mesh.cpp">
      <Filter>Source Files\Entity</Filter>
    </ClCompile>
    <ClCompile Include="Primitive.cpp">
      <Filter>Source Files\Entity</Filter>
    </ClCompile>
    <ClCompile Include="Transform.cpp">
      <Filter>Source Files\Entity</Filter>
    </ClCompile>
    <ClCompile Include="Light.cpp">
      <Filter>Source Files\Shaders</Filter>
    </ClCompile>
    <ClCompile Include="Game.cpp">
      <Filter>Source Files\Core</Filter>
    </ClCompile>
    <ClCompile Include="Display.cpp">
      <Filter>Source Files\Core</Filter>
    </ClCompile>
    <ClCompile Include="Input.cpp">
      <Filter>Source Files\Core</Filter>
    </ClCompile>
    <ClCompile Include="Map.cpp">
      <Filter>Source Files\Map</Filter>
    </ClCompile>
    <ClCompile Include="Equipment.cpp">
      <Filter>Source Files\Game\Models</Filter>
    </ClCompile>
    <ClCompile Include="Item.cpp">
      <Filter>Source Files\Game\Models</Filter>
    </ClCompile>
    <ClCompile Include="Player.cpp">
      <Filter>Source Files\Game\Models</Filter>
    </ClCompile>
    <ClCompile Include="PlayerFactory.cpp">
      <Filter>Source Files\Game\Factory</Filter>
    </ClCompile>
    <ClCompile Include="ItemFactory.cpp">
      <Filter>Source Files\Game\Factory</Filter>
    </ClCompile>
    <ClCompile Include="Camera.cpp">
      <Filter>Source Files\Shaders</Filter>
    </ClCompile>
    <ClCompile Include="EquipmentFactory.cpp">
      <Filter>Source Files\Game\Factory</Filter>
    </ClCompile>
    <ClCompile Include="Skill.cpp">
      <Filter>Source Files\Game\Models</Filter>
    </ClCompile>
    <ClCompile Include="SkillFactory.cpp">
      <Filter>Source Files\Game\Factory</Filter>
    </ClCompile>
    <ClCompile Include="Grid.cpp">
      <Filter>Source Files\Map</Filter>
    </ClCompile>
    <ClCompile Include="Monster.cpp">
      <Filter>Source Files\Game\Models</Filter>
    </ClCompile>
    <ClCompile Include="MonsterFactory.cpp">
      <Filter>Source Files\Game\Factory</Filter>
    </ClCompile>
    <ClCompile Include="MapShader.cpp">
      <Filter>Source Files\Shaders</Filter>
    </ClCompile>
    <ClCompile Include="EntityMap.cpp">
      <Filter>Source Files\Entity</Filter>
    </ClCompile>
    <ClCompile Include="Time.cpp">
      <Filter>Source Files\Core</Filter>
    </ClCompile>
    <ClCompile Include="MapEntity.cpp">
      <Filter>Source Files\Map</Filter>
    </ClCompile>
    <ClCompile Include="MapMonster.cpp">
      <Filter>Source Files\Map</Filter>
    </ClCompile>
    <ClCompile Include="MapTerrain.cpp">
      <Filter>Source Files\Map</Filter>
    </ClCompile>
    <ClCompile Include="AI.cpp">
      <Filter>Source Files\Game\AI</Filter>
    </ClCompile>
    <ClCompile Include="MonsterAI.cpp">
      <Filter>Source Files\Game\AI</Filter>
    </ClCompile>
    <ClCompile Include="GameEntity.cpp">
      <Filter>Source Files\Game\Models</Filter>
    </ClCompile>
    <ClCompile Include="GameEntityFactory.cpp">
      <Filter>Source Files\Game\Factory</Filter>
    </ClCompile>
    <ClCompile Include="Factory.cpp">
      <Filter>Source Files\Game\Factory</Filter>
    </ClCompile>
    <ClCompile Include="RangeAttack.cpp">
      <Filter>Source Files\Game\Attack</Filter>
    </ClCompile>
    <ClCompile Include="Projectile.cpp">
      <Filter>Source Files\Game\Attack</Filter>
    </ClCompile>
    <ClCompile Include="MouseAttack.cpp">
      <Filter>Source Files\Game\Attack</Filter>
    </ClCompile>
    <ClCompile Include="Creature.cpp">
      <Filter>Source Files\Game\Models</Filter>
    </ClCompile>
    <ClCompile Include="GUIShader.cpp">
      <Filter>Source Files\Shaders</Filter>
    </ClCompile>
    <ClCompile Include="Text.cpp">
      <Filter>Source Files\GUI</Filter>
    </ClCompile>
    <ClCompile Include="GUI.cpp">
      <Filter>Source Files\GUI</Filter>
    </ClCompile>
    <ClCompile Include="HPBar.cpp">
      <Filter>Source Files\GUI</Filter>
    </ClCompile>
    <ClCompile Include="CommonShader.cpp">
      <Filter>Source Files\Shaders</Filter>
    </ClCompile>
    <ClCompile Include="Movement.cpp">
      <Filter>Source Files</Filter>
    </ClCompile>
    <ClCompile Include="ZurikiRageSkill.cpp">
      <Filter>Source Files\Game\Models\Skillls</Filter>
    </ClCompile>
    <ClCompile Include="HoshoyoExplosionSkill.cpp">
      <Filter>Source Files\Game\Models\Skillls</Filter>
    </ClCompile>
    <ClCompile Include="SkillIcon.cpp">
      <Filter>Source Files\Game\Models</Filter>
    </ClCompile>
    <ClCompile Include="network\UDPClient.cpp">
      <Filter>Source Files\Network</Filter>
    </ClCompile>
    <ClCompile Include="network\Packet.cpp">
      <Filter>Source Files\Network</Filter>
    </ClCompile>
    <ClCompile Include="network\ClientPacket.cpp">
      <Filter>Source Files\Network</Filter>
    </ClCompile>
    <ClCompile Include="PlayerAI.cpp">
      <Filter>Source Files\Game\AI</Filter>
    </ClCompile>
    <ClCompile Include="TextRenderer.cpp">
      <Filter>Source Files\GUI</Filter>
    </ClCompile>
    <ClCompile Include="Chat.cpp">
      <Filter>Source Files\GUI</Filter>
    </ClCompile>
    <ClCompile Include="FrameShader.cpp">
      <Filter>Source Files\Shaders</Filter>
    </ClCompile>
    <ClCompile Include="TextShader.cpp">
      <Filter>Source Files\Shaders</Filter>
    </ClCompile>
    <ClCompile Include="PacketController.cpp">
      <Filter>Source Files\Network</Filter>
    </ClCompile>
    <ClCompile Include="FrameBuffer.cpp">
      <Filter>Source Files\Shaders</Filter>
    </ClCompile>
  </ItemGroup>
  <ItemGroup>
    <Xml Include="res\Monsters\Demilord.xml">
      <Filter>Data Files\Monsters</Filter>
    </Xml>
    <Xml Include="res\Monsters\BadHoshoyo.xml">
      <Filter>Data Files\Monsters</Filter>
    </Xml>
    <Xml Include="res\Monsters\Poring.xml">
      <Filter>Data Files\Monsters</Filter>
    </Xml>
    <Xml Include="res\Monsters\Cactus.xml">
      <Filter>Data Files\Monsters</Filter>
    </Xml>
    <Xml Include="res\GameEntities\House.xml">
      <Filter>Data Files\GameEntities</Filter>
    </Xml>
  </ItemGroup>
</Project>