<?xml version="1.0" encoding="utf-8"?>
<Project ToolsVersion="4.0" xmlns="http://schemas.microsoft.com/developer/msbuild/2003">
  <ItemGroup>
    <Filter Include="Source Files">
      <UniqueIdentifier>{4FC737F1-C7A5-4376-A066-2A32D752A2FF}</UniqueIdentifier>
      <Extensions>cpp;c;cc;cxx;def;odl;idl;hpj;bat;asm;asmx</Extensions>
    </Filter>
    <Filter Include="Header Files">
      <UniqueIdentifier>{93995380-89BD-4b04-88EB-625FBE52EBFB}</UniqueIdentifier>
      <Extensions>h;hh;hpp;hxx;hm;inl;inc;xsd</Extensions>
    </Filter>
    <Filter Include="Resource Files">
      <UniqueIdentifier>{67DA6AB6-F800-4c08-8B7A-83BB121AAD01}</UniqueIdentifier>
      <Extensions>rc;ico;cur;bmp;dlg;rc2;rct;bin;rgs;gif;jpg;jpeg;jpe;resx;tiff;tif;png;wav;mfcribbon-ms</Extensions>
    </Filter>
  </ItemGroup>
  <ItemGroup>
    <ClCompile Include="src\Core\Game.cpp">
      <Filter>Source Files</Filter>
    </ClCompile>
    <ClCompile Include="src\Game\Creature.cpp">
      <Filter>Source Files</Filter>
    </ClCompile>
    <ClCompile Include="src\Game\Equipment.cpp">
      <Filter>Source Files</Filter>
    </ClCompile>
    <ClCompile Include="src\Game\GameEntity.cpp">
      <Filter>Source Files</Filter>
    </ClCompile>
    <ClCompile Include="src\Game\Monster.cpp">
      <Filter>Source Files</Filter>
    </ClCompile>
    <ClCompile Include="src\Game\Player.cpp">
      <Filter>Source Files</Filter>
    </ClCompile>
    <ClCompile Include="src\Game\Projectile.cpp">
      <Filter>Source Files</Filter>
    </ClCompile>
    <ClCompile Include="src\Game\WorldObject.cpp">
      <Filter>Source Files</Filter>
    </ClCompile>
    <ClCompile Include="src\Map\Map.cpp">
      <Filter>Source Files</Filter>
    </ClCompile>
    <ClCompile Include="src\Map\MapEntity.cpp">
      <Filter>Source Files</Filter>
    </ClCompile>
    <ClCompile Include="src\Map\MapMonster.cpp">
      <Filter>Source Files</Filter>
    </ClCompile>
    <ClCompile Include="src\Map\MapTerrain.cpp">
      <Filter>Source Files</Filter>
    </ClCompile>
    <ClCompile Include="src\Network\ClientInfo.cpp">
      <Filter>Source Files</Filter>
    </ClCompile>
    <ClCompile Include="src\Network\ClientPacket.cpp">
      <Filter>Source Files</Filter>
    </ClCompile>
    <ClCompile Include="src\Network\PacketController.cpp">
      <Filter>Source Files</Filter>
    </ClCompile>
    <ClCompile Include="src\ResourceLoad\ImageLoader.cpp">
      <Filter>Source Files</Filter>
    </ClCompile>
    <ClCompile Include="src\Main.cpp">
      <Filter>Source Files</Filter>
    </ClCompile>
    <ClCompile Include="src\Game\AI\MonsterAI.cpp">
      <Filter>Source Files</Filter>
    </ClCompile>
    <ClCompile Include="src\Game\Skill\HoshoyoExplosionSkill.cpp">
      <Filter>Source Files</Filter>
    </ClCompile>
    <ClCompile Include="src\Game\Skill\Skill.cpp">
      <Filter>Source Files</Filter>
    </ClCompile>
    <ClCompile Include="src\Game\Factory\Factory.cpp">
      <Filter>Source Files</Filter>
    </ClCompile>
    <ClCompile Include="src\Game\Factory\GameEntityFactory.cpp">
      <Filter>Source Files</Filter>
    </ClCompile>
    <ClCompile Include="src\Game\Factory\MonsterFactory.cpp">
      <Filter>Source Files</Filter>
    </ClCompile>
    <ClCompile Include="src\Network\Packet.cpp">
      <Filter>Source Files</Filter>
    </ClCompile>
    <ClCompile Include="src\Network\UDPServer.cpp">
      <Filter>Source Files</Filter>
    </ClCompile>
    <ClCompile Include="src\Core\LinkedTime.cpp">
      <Filter>Source Files</Filter>
    </ClCompile>
    <ClCompile Include="src\Game\Skill\LinkSkill.cpp">
      <Filter>Source Files</Filter>
    </ClCompile>
    <ClCompile Include="src\Game\Skill\SwapSkill.cpp">
      <Filter>Source Files</Filter>
    </ClCompile>
    <ClCompile Include="src\Game\Skill\CureBlessingSkill.cpp">
      <Filter>Source Files</Filter>
    </ClCompile>
    <ClCompile Include="src\Game\BasicMonster.cpp">
      <Filter>Source Files</Filter>
    </ClCompile>
  </ItemGroup>
  <ItemGroup>
    <ClInclude Include="include\Core\Game.h">
      <Filter>Header Files</Filter>
    </ClInclude>
    <ClInclude Include="include\Game\AI\MonsterAI.h">
      <Filter>Header Files</Filter>
    </ClInclude>
    <ClInclude Include="include\Game\Factory\Factory.h">
      <Filter>Header Files</Filter>
    </ClInclude>
    <ClInclude Include="include\Game\Factory\GameEntityFactory.h">
      <Filter>Header Files</Filter>
    </ClInclude>
    <ClInclude Include="include\Game\Factory\MonsterFactory.h">
      <Filter>Header Files</Filter>
    </ClInclude>
    <ClInclude Include="include\Game\Skill\HoshoyoExplosionSkill.h">
      <Filter>Header Files</Filter>
    </ClInclude>
    <ClInclude Include="include\Game\Skill\Skill.h">
      <Filter>Header Files</Filter>
    </ClInclude>
    <ClInclude Include="include\Game\Creature.h">
      <Filter>Header Files</Filter>
    </ClInclude>
    <ClInclude Include="include\Game\Equipment.h">
      <Filter>Header Files</Filter>
    </ClInclude>
    <ClInclude Include="include\Game\GameEntity.h">
      <Filter>Header Files</Filter>
    </ClInclude>
    <ClInclude Include="include\Game\Monster.h">
      <Filter>Header Files</Filter>
    </ClInclude>
    <ClInclude Include="include\Game\Movement.h">
      <Filter>Header Files</Filter>
    </ClInclude>
    <ClInclude Include="include\Game\Player.h">
      <Filter>Header Files</Filter>
    </ClInclude>
    <ClInclude Include="include\Game\Projectile.h">
      <Filter>Header Files</Filter>
    </ClInclude>
    <ClInclude Include="include\Game\WorldObject.h">
      <Filter>Header Files</Filter>
    </ClInclude>
    <ClInclude Include="include\Map\Map.h">
      <Filter>Header Files</Filter>
    </ClInclude>
    <ClInclude Include="include\Map\MapEntity.h">
      <Filter>Header Files</Filter>
    </ClInclude>
    <ClInclude Include="include\Map\MapMonster.h">
      <Filter>Header Files</Filter>
    </ClInclude>
    <ClInclude Include="include\Map\MapTerrain.h">
      <Filter>Header Files</Filter>
    </ClInclude>
    <ClInclude Include="include\Network\ClientInfo.h">
      <Filter>Header Files</Filter>
    </ClInclude>
    <ClInclude Include="include\Network\ClientPacket.h">
      <Filter>Header Files</Filter>
    </ClInclude>
    <ClInclude Include="include\Network\PacketController.h">
      <Filter>Header Files</Filter>
    </ClInclude>
    <ClInclude Include="include\ResourceLoad\ImageLoader.h">
      <Filter>Header Files</Filter>
    </ClInclude>
    <ClInclude Include="include\Network\Packet.h">
      <Filter>Header Files</Filter>
    </ClInclude>
    <ClInclude Include="include\Network\UDPServer.h">
      <Filter>Header Files</Filter>
    </ClInclude>
    <ClInclude Include="include\Core\LinkedTime.h">
      <Filter>Header Files</Filter>
    </ClInclude>
    <ClInclude Include="include\Game\Skill\LinkSkill.h">
      <Filter>Header Files</Filter>
    </ClInclude>
    <ClInclude Include="include\Game\Skill\SwapSkill.h">
      <Filter>Header Files</Filter>
    </ClInclude>
    <ClInclude Include="include\Game\Skill\CureBlessingSkill.h">
      <Filter>Header Files</Filter>
    </ClInclude>
    <ClInclude Include="include\Common.h">
      <Filter>Header Files</Filter>
    </ClInclude>
    <ClInclude Include="include\Game\BasicMonster.h">
      <Filter>Header Files</Filter>
    </ClInclude>
  </ItemGroup>
</Project>